<?xml version="1.0" encoding="utf-8"?>
<Project ToolsVersion="4.0" xmlns="http://schemas.microsoft.com/developer/msbuild/2003">
  <ItemGroup>
    <Filter Include="include">
      <UniqueIdentifier>{04212b9f-5410-423f-af08-d046a5e9d82d}</UniqueIdentifier>
    </Filter>
    <Filter Include="src">
      <UniqueIdentifier>{76d307aa-8b9c-4491-b3e7-19b65ab24f23}</UniqueIdentifier>
    </Filter>
  </ItemGroup>
  <ItemGroup>
    <ClCompile Include="..\include\slothjson.cpp">
      <Filter>include</Filter>
    </ClCompile>
    <ClCompile Include="..\src\main.cpp">
      <Filter>src</Filter>
    </ClCompile>
    <ClCompile Include="..\src\perf_test.cpp">
      <Filter>src</Filter>
    </ClCompile>
    <ClCompile Include="..\src\sample_test.cpp">
      <Filter>src</Filter>
    </ClCompile>
  </ItemGroup>
  <ItemGroup>
    <ClInclude Include="..\include\slothjson.h">
      <Filter>include</Filter>
    </ClInclude>
    <ClInclude Include="..\src\perf_test.h">
      <Filter>src</Filter>
    </ClInclude>
    <ClInclude Include="..\src\sample_test.h">
      <Filter>src</Filter>
    </ClInclude>
  </ItemGroup>
</Project>